{
	"name": "nancyplank",
	"version": "1.0.0",
	"lockfileVersion": 1,
	"requires": true,
	"dependencies": {
		"lodash": {
			"version": "4.12.0",
			"resolved": "https://registry.npmjs.org/lodash/-/lodash-4.12.0.tgz",
			"integrity": "sha1-K9bcRqBA9Z5obJcu0h2T3FkFMlg=",
			"dev": true
		},
		"why-did-you-update": {
			"version": "0.0.8",
			"resolved": "https://registry.npmjs.org/why-did-you-update/-/why-did-you-update-0.0.8.tgz",
			"integrity": "sha1-OJ2X3WwUfh7byfXVRw1E2YXIrjg=",
			"dev": true,
			"requires": {
				"lodash": "4.12.0"
			}
		}
	}
}
